
Microsoft Visual Studio Solution File, Format Version 11.00
# Visual Studio 2010
Project("{FAE04EC0-301F-11D3-BF4B-00C04F79EFBC}") = "MBProgressHudSample", "MBProgressHudSample.csproj", "{79AB1582-61C3-4EA6-9277-FDCBBD283D10}"
EndProject
Global
	GlobalSection(SolutionConfigurationPlatforms) = preSolution
		Debug|iPhoneSimulator = Debug|iPhoneSimulator
		Release|iPhoneSimulator = Release|iPhoneSimulator
		Debug|iPhone = Debug|iPhone
		Release|iPhone = Release|iPhone
	EndGlobalSection
	GlobalSection(ProjectConfigurationPlatforms) = postSolution
		{79AB1582-61C3-4EA6-9277-FDCBBD283D10}.Debug|iPhone.ActiveCfg = Debug|iPhone
		{79AB1582-61C3-4EA6-9277-FDCBBD283D10}.Debug|iPhone.Build.0 = Debug|iPhone
		{79AB1582-61C3-4EA6-9277-FDCBBD283D10}.Debug|iPhoneSimulator.ActiveCfg = Debug|iPhoneSimulator
		{79AB1582-61C3-4EA6-9277-FDCBBD283D10}.Debug|iPhoneSimulator.Build.0 = Debug|iPhoneSimulator
		{79AB1582-61C3-4EA6-9277-FDCBBD283D10}.Release|iPhone.ActiveCfg = Release|iPhone
		{79AB1582-61C3-4EA6-9277-FDCBBD283D10}.Release|iPhone.Build.0 = Release|iPhone
		{79AB1582-61C3-4EA6-9277-FDCBBD283D10}.Release|iPhoneSimulator.ActiveCfg = Release|iPhoneSimulator
		{79AB1582-61C3-4EA6-9277-FDCBBD283D10}.Release|iPhoneSimulator.Build.0 = Release|iPhoneSimulator
	EndGlobalSection
	GlobalSection(MonoDevelopProperties) = preSolution
		StartupItem = MBProgressHudSample.csproj
	EndGlobalSection
EndGlobal
